# THIS IS AN AUTOGENERATED FILE. DO NOT EDIT THIS FILE DIRECTLY.
# yarn lockfile v1


array-back@^6.2.3:
  version "6.2.3"
  resolved "https://registry.npmjs.org/array-back/-/array-back-6.2.3.tgz#d41e67598805e614f23b319b9e5960dfbcd72ae2"
  integrity sha512-SGDvmg6QTYiTxCBkYVmThcoa67uLl35pyzRHdpCGBOcqFy6BtwnphoFPk7LhJshD+Yk1Kt35WGWeZPTgwR4Fhw==

command-line-args@^6.0.2:
  version "6.0.2"
  resolved "https://registry.npmjs.org/command-line-args/-/command-line-args-6.0.2.tgz#a5b8a87d3f12aa1707c122c5ed38bc64535514a0"
  integrity sha512-AIjYVxrV9X752LmPDLbVYv8aMCuHPSLZJXEo2qo/xJfv+NYhaZ4sMSF01rM+gHPaMgvPM0l5D/F+Qx+i2WfSmQ==
  dependencies:
    array-back "^6.2.3"
    find-replace "^5.0.2"
    lodash.camelcase "^4.3.0"
    typical "^7.3.0"

find-replace@^5.0.2:
  version "5.0.2"
  resolved "https://registry.npmjs.org/find-replace/-/find-replace-5.0.2.tgz#fe27ff0be05975aef6fc679c1139bbabea564e26"
  integrity sha512-Y45BAiE3mz2QsrN2fb5QEtO4qb44NcS7en/0y9PEVsg351HsLeVclP8QPMH79Le9sH3rs5RSwJu99W0WPZO43Q==

lodash.camelcase@^4.3.0:
  version "4.3.0"
  resolved "https://registry.npmjs.org/lodash.camelcase/-/lodash.camelcase-4.3.0.tgz#b28aa6288a2b9fc651035c7711f65ab6190331a6"
  integrity sha512-TwuEnCnxbc3rAvhf/LbG7tJUDzhqXyFnv3dtzLOPgCG/hODL7WFnsbwktkD7yUV0RrreP/l1PALq/YSg6VvjlA==

typical@^7.3.0:
  version "7.3.0"
  resolved "https://registry.npmjs.org/typical/-/typical-7.3.0.tgz#930376be344228709f134613911fa22aa09617a4"
  integrity sha512-ya4mg/30vm+DOWfBg4YK3j2WD6TWtRkCbasOJr40CseYENzCUby/7rIvXA99JGsQHeNxLbnXdyLLxKSv3tauFw==
